// !$*UTF8*$!
{
	archiveVersion = 1;
	classes = {
	};
	objectVersion = 77;
	objects = {

/* Begin PBXBuildFile section */
		01076087A26D969564D78F05 /* LiveContextEvent.swift in Sources */ = {isa = PBXBuildFile; fileRef = AD99B54395E7ECC596D7F78B /* LiveContextEvent.swift */; };
		02005424501D64187EA2E5F8 /* SelectableLine.swift in Sources */ = {isa = PBXBuildFile; fileRef = 4FC0624F98A3D54E4CE1D39F /* SelectableLine.swift */; };
		0299B73B2B58A864DFE4ADF7 /* VariationConversational.swift in Sources */ = {isa = PBXBuildFile; fileRef = 28DC9014D9D1E134C18A1BB6 /* VariationConversational.swift */; };
		059ABEA19F4F02489E108991 /* BriefDuration.swift in Sources */ = {isa = PBXBuildFile; fileRef = 756C3405C161A7DC48CD0AD5 /* BriefDuration.swift */; };
		067A25AB69E06CD8F50213A5 /* SelectionContext.swift in Sources */ = {isa = PBXBuildFile; fileRef = 240320E3F565DBB9F2D34F16 /* SelectionContext.swift */; };
		083FE712247AABA0F79D41EF /* Assets.xcassets in Resources */ = {isa = PBXBuildFile; fileRef = ACBF80FC85DD2581E35A5F73 /* Assets.xcassets */; };
		0F7FCE7D1B5405FA34E2F12C /* ChatComposer.swift in Sources */ = {isa = PBXBuildFile; fileRef = 2351246BBE0224CBF23E370D /* ChatComposer.swift */; };
		0FF001A575F9BC515E6F9BAB /* BriefIcon.swift in Sources */ = {isa = PBXBuildFile; fileRef = 239BA6C11B9F3029C3E756EA /* BriefIcon.swift */; };
		11E5BC06FA5F04A71F681C7F /* LiveContextView.swift in Sources */ = {isa = PBXBuildFile; fileRef = 0FDE3BC4C72D3705A3DD3795 /* LiveContextView.swift */; };
		18743102AD75159AE1D9356A /* PrivacyIntentParser.swift in Sources */ = {isa = PBXBuildFile; fileRef = F56C30DD54933EA7F0FDA6AD /* PrivacyIntentParser.swift */; };
		265FDB92F53A475CB416EE84 /* ProvenancePopover.swift in Sources */ = {isa = PBXBuildFile; fileRef = 2AC7718A63BA4FD22459F54C /* ProvenancePopover.swift */; };
		2C031C886B22F7271BF7E6B7 /* BriefApp.swift in Sources */ = {isa = PBXBuildFile; fileRef = F45DD47D3327320C5CC93B85 /* BriefApp.swift */; };
		3B15693A811FB8FBC4C6C3C7 /* SecureCaptureDetail.swift in Sources */ = {isa = PBXBuildFile; fileRef = F735E037D8BE724C5FF5FC8B /* SecureCaptureDetail.swift */; };
		3E7B05B7EA30DBBB585AA3D6 /* VariationReadAct.swift in Sources */ = {isa = PBXBuildFile; fileRef = 787417EF2B2635166B780322 /* VariationReadAct.swift */; };
		3FAB808587E089A642BE5311 /* PrivacySettingsView.swift in Sources */ = {isa = PBXBuildFile; fileRef = C0B9B48C51DEB159690DD23B /* PrivacySettingsView.swift */; };
		414825E85C19D5D86F6EA0F6 /* PrivacyWindowController.swift in Sources */ = {isa = PBXBuildFile; fileRef = 63EB33BCB06F81F173C7270A /* PrivacyWindowController.swift */; };
		44FA6F684489E41C4CEF05A1 /* Mocks in Resources */ = {isa = PBXBuildFile; fileRef = 148B8D29124CE99F14142CFD /* Mocks */; };
		4D9F3437D95B76D0CC8DA658 /* BriefContent.swift in Sources */ = {isa = PBXBuildFile; fileRef = A02EA31EC7A928A44243ACDD /* BriefContent.swift */; };
		4EE103ECDB10A642D58C7ED2 /* BriefSource.swift in Sources */ = {isa = PBXBuildFile; fileRef = 1EF12A4D6674F9FF9F2B8451 /* BriefSource.swift */; };
		4FF142FCFA8E955D79DD278B /* LinearModels.swift in Sources */ = {isa = PBXBuildFile; fileRef = 8E341461981E57F45A0792F3 /* LinearModels.swift */; };
		504C3770BFDAA16F9BDC2314 /* FilterCard.swift in Sources */ = {isa = PBXBuildFile; fileRef = 5B39A59B04915023BFED9331 /* FilterCard.swift */; };
		53475C8A6AACC6925B3759B7 /* TypeSpecimenView.swift in Sources */ = {isa = PBXBuildFile; fileRef = A4E571BF97B024A67776EFB4 /* TypeSpecimenView.swift */; };
		5615A9BB38FDF5EBB5252EA5 /* SelectionSurface.swift in Sources */ = {isa = PBXBuildFile; fileRef = 581E2D8C918E275E19D2E4AA /* SelectionSurface.swift */; };
		57B7FEFD4293584F634553CE /* PrivacyStore.swift in Sources */ = {isa = PBXBuildFile; fileRef = 19228ED38EC3565CABB4F51D /* PrivacyStore.swift */; };
		5849B2B978FB820A244EB10E /* BriefMotion.swift in Sources */ = {isa = PBXBuildFile; fileRef = 1215FDB06CD6B2432EFAA419 /* BriefMotion.swift */; };
		61FCEB66B972654FDBD3FA5B /* MeaningUnit.swift in Sources */ = {isa = PBXBuildFile; fileRef = 71E2796DFEDD29539262D5DB /* MeaningUnit.swift */; };
		68A2AFA4A234C8167260CC07 /* PanelComposer.swift in Sources */ = {isa = PBXBuildFile; fileRef = 15E47151C57AC0AAC1A67915 /* PanelComposer.swift */; };
		6BDCD50FA980EE81440BB2CF /* PanelScenario.swift in Sources */ = {isa = PBXBuildFile; fileRef = ECD688546ABB99DA1304DBE0 /* PanelScenario.swift */; };
		7353A610C182E2779B0567CD /* LiveContextDocument.swift in Sources */ = {isa = PBXBuildFile; fileRef = 18FA0A6AFF7F0A58CC5CA1AE /* LiveContextDocument.swift */; };
		737540FDB4178DA1B2367C4D /* ChatPanelSession.swift in Sources */ = {isa = PBXBuildFile; fileRef = 83703D1711E5E8A535AA6D67 /* ChatPanelSession.swift */; };
		7613C7CEA171F31BEB3FA1D5 /* LiveContextStore.swift in Sources */ = {isa = PBXBuildFile; fileRef = 410302074F14E65F26427829 /* LiveContextStore.swift */; };
		7F469B37931CD2146F53CC56 /* Fonts in Resources */ = {isa = PBXBuildFile; fileRef = B94690AA4C412EEBDD0DEC68 /* Fonts */; };
		8397289E122FF6486BC3837A /* Icons in Resources */ = {isa = PBXBuildFile; fileRef = 82A24849D02419FA783CE207 /* Icons */; };
		8DA6C605160A76BFE4520691 /* TypeEditorView.swift in Sources */ = {isa = PBXBuildFile; fileRef = E8309779B893DAAC87568BA9 /* TypeEditorView.swift */; };
		8F571438B320B58CE063513E /* DesignSystemView.swift in Sources */ = {isa = PBXBuildFile; fileRef = A18A1010220C9121DFAD767A /* DesignSystemView.swift */; };
		920091F157EE93D97E36564F /* MeetingModels.swift in Sources */ = {isa = PBXBuildFile; fileRef = 63024516F875C046AD3EC37B /* MeetingModels.swift */; };
		939D2DCE502EC4065D298644 /* BriefShadow.swift in Sources */ = {isa = PBXBuildFile; fileRef = 83AF7A462938AB5835F27B15 /* BriefShadow.swift */; };
		94179AE080ED10D56A20A42A /* ContextSummaryBar.swift in Sources */ = {isa = PBXBuildFile; fileRef = 9D13C3032E0D6E58AB6E70FD /* ContextSummaryBar.swift */; };
		9D2DD1A2A8D938DF3C9B08F8 /* ReferenceModels.swift in Sources */ = {isa = PBXBuildFile; fileRef = 17950B2DE2CB3060D9D59C7B /* ReferenceModels.swift */; };
		A880F0E63639DA2FB2FFD921 /* BriefOpacity.swift in Sources */ = {isa = PBXBuildFile; fileRef = EB109916AFE0C1B0343A324E /* BriefOpacity.swift */; };
		A8ED8D114218670619B9700D /* MessageModels.swift in Sources */ = {isa = PBXBuildFile; fileRef = 0DBB424D3D7FA38B10BAA317 /* MessageModels.swift */; };
		AD9D96E684B5C00EA4F275A9 /* BriefColor.swift in Sources */ = {isa = PBXBuildFile; fileRef = CD2A54ECE203BF2422314CFB /* BriefColor.swift */; };
		B458C2B8D54882B72A0E5B84 /* BriefProseLayout.swift in Sources */ = {isa = PBXBuildFile; fileRef = 0AD12733B745F12B56B905F5 /* BriefProseLayout.swift */; };
		CD23DB14163891E4173CCA84 /* DSComponents.swift in Sources */ = {isa = PBXBuildFile; fileRef = F8E79284697F81273A384FE9 /* DSComponents.swift */; };
		CD51E7E820CF36646FA9524B /* BriefChatKit.swift in Sources */ = {isa = PBXBuildFile; fileRef = 7EB77D9253AB578A10D8B4A9 /* BriefChatKit.swift */; };
		CEF0E1BB6F49A2EB9CBFABD1 /* PrivacyBucketCard.swift in Sources */ = {isa = PBXBuildFile; fileRef = 6F12E8302DA3BCA03D893370 /* PrivacyBucketCard.swift */; };
		D18359F6E006B9F6CD2808B6 /* CaptureModels.swift in Sources */ = {isa = PBXBuildFile; fileRef = C7CEEC45D8216AFCD9F08011 /* CaptureModels.swift */; };
		D191F961A186CA9486499C52 /* InteractionState.swift in Sources */ = {isa = PBXBuildFile; fileRef = 106854B888494669D7792517 /* InteractionState.swift */; };
		D1966E757BCF7C97518B45B4 /* BriefLayout.swift in Sources */ = {isa = PBXBuildFile; fileRef = B8ACB051B3CA398DCA68CBC3 /* BriefLayout.swift */; };
		D7C9F3559EB410CA8E054C5B /* ChatPanel.swift in Sources */ = {isa = PBXBuildFile; fileRef = 083910E53C940F2E947DC399 /* ChatPanel.swift */; };
		D7E18EAD6E72E2655964C88D /* CaptureToggleRow.swift in Sources */ = {isa = PBXBuildFile; fileRef = 37EB4D83CCB973C4E2A648F4 /* CaptureToggleRow.swift */; };
		DBF2B1E98C97F357FF0505AC /* EchoScenario.swift in Sources */ = {isa = PBXBuildFile; fileRef = 6B41A1CE5ED4324B724FEF9B /* EchoScenario.swift */; };
		DC3263079FA5BFC87EB3AE44 /* PanelRoute.swift in Sources */ = {isa = PBXBuildFile; fileRef = 1D11EA82E6DFF97E4B43F74C /* PanelRoute.swift */; };
		DFCCF4DC8F85CEB87DEE8635 /* PrivacyFilter.swift in Sources */ = {isa = PBXBuildFile; fileRef = 917627B3DA13615A8BC25C01 /* PrivacyFilter.swift */; };
		E47A7DDAC3301CDE6B24526D /* LiveContextStore+Verify.swift in Sources */ = {isa = PBXBuildFile; fileRef = 29197F082BB4C11C2A8994C3 /* LiveContextStore+Verify.swift */; };
		E61DE40E7A435F50486D12A7 /* PrivacyState.swift in Sources */ = {isa = PBXBuildFile; fileRef = 7C0A7C24339862BBAFB91429 /* PrivacyState.swift */; };
		E8ED5107ECEEEF026B16D51A /* BriefMarkdown.swift in Sources */ = {isa = PBXBuildFile; fileRef = F66012BDC3DA03A3C02A82D2 /* BriefMarkdown.swift */; };
		E9D6B02E39C00E7C6C94E5A8 /* BriefFont.swift in Sources */ = {isa = PBXBuildFile; fileRef = F1262DD57D8AF95516EA6819 /* BriefFont.swift */; };
		EB36B2AFD2021B314877BF02 /* BriefSpacing.swift in Sources */ = {isa = PBXBuildFile; fileRef = 7BD1C79BEB4B0F609C5C2D1D /* BriefSpacing.swift */; };
		EB8700F26D36A17B7ABD0E73 /* PrivacyChip.swift in Sources */ = {isa = PBXBuildFile; fileRef = E2B51F39E361DA9CDA55A31D /* PrivacyChip.swift */; };
		EC6246F485CD66A186801F37 /* ProvenanceTag.swift in Sources */ = {isa = PBXBuildFile; fileRef = D711534F2CB90256C209C64A /* ProvenanceTag.swift */; };
		ED9F1C1DDBE72DF767695ED1 /* PrivacyChatEntry.swift in Sources */ = {isa = PBXBuildFile; fileRef = B21D0883C545227E79D59A10 /* PrivacyChatEntry.swift */; };
		EF8131ED064F154C2489319A /* PrivacyPanel.swift in Sources */ = {isa = PBXBuildFile; fileRef = 5343EC698754B834158A9A47 /* PrivacyPanel.swift */; };
		EFC7567A43435D818C9C546E /* BriefRadius.swift in Sources */ = {isa = PBXBuildFile; fileRef = 0859E70B2354AD7CEC5CA404 /* BriefRadius.swift */; };
		F19ECB5C3FDF8861CD6C3278 /* PrivacyScenario.swift in Sources */ = {isa = PBXBuildFile; fileRef = 2D64D9B9C6015EF910B49920 /* PrivacyScenario.swift */; };
		FAEAD7C9FC3C3DFA6100778C /* PrivacyIntent.swift in Sources */ = {isa = PBXBuildFile; fileRef = E75AD9B6D646CB203BBA7FE2 /* PrivacyIntent.swift */; };
		FB890F851979BF1983093DC3 /* DocStyle.swift in Sources */ = {isa = PBXBuildFile; fileRef = F4E72C1D2E829038F21F4009 /* DocStyle.swift */; };
		FDD9F80B537B78631A207B0E /* VisualEffectView.swift in Sources */ = {isa = PBXBuildFile; fileRef = 831F4A114AC5777CC6B98CEF /* VisualEffectView.swift */; };
/* End PBXBuildFile section */

/* Begin PBXFileReference section */
		083910E53C940F2E947DC399 /* ChatPanel.swift */ = {isa = PBXFileReference; lastKnownFileType = sourcecode.swift; path = ChatPanel.swift; sourceTree = "<group>"; };
		0859E70B2354AD7CEC5CA404 /* BriefRadius.swift */ = {isa = PBXFileReference; lastKnownFileType = sourcecode.swift; path = BriefRadius.swift; sourceTree = "<group>"; };
		0AD12733B745F12B56B905F5 /* BriefProseLayout.swift */ = {isa = PBXFileReference; lastKnownFileType = sourcecode.swift; path = BriefProseLayout.swift; sourceTree = "<group>"; };
		0DBB424D3D7FA38B10BAA317 /* MessageModels.swift */ = {isa = PBXFileReference; lastKnownFileType = sourcecode.swift; path = MessageModels.swift; sourceTree = "<group>"; };
		0FDE3BC4C72D3705A3DD3795 /* LiveContextView.swift */ = {isa = PBXFileReference; lastKnownFileType = sourcecode.swift; path = LiveContextView.swift; sourceTree = "<group>"; };
		106854B888494669D7792517 /* InteractionState.swift */ = {isa = PBXFileReference; lastKnownFileType = sourcecode.swift; path = InteractionState.swift; sourceTree = "<group>"; };
		1215FDB06CD6B2432EFAA419 /* BriefMotion.swift */ = {isa = PBXFileReference; lastKnownFileType = sourcecode.swift; path = BriefMotion.swift; sourceTree = "<group>"; };
		148B8D29124CE99F14142CFD /* Mocks */ = {isa = PBXFileReference; lastKnownFileType = folder; name = Mocks; path = Brief/Resources/Mocks; sourceTree = SOURCE_ROOT; };
		15E47151C57AC0AAC1A67915 /* PanelComposer.swift */ = {isa = PBXFileReference; lastKnownFileType = sourcecode.swift; path = PanelComposer.swift; sourceTree = "<group>"; };
		17950B2DE2CB3060D9D59C7B /* ReferenceModels.swift */ = {isa = PBXFileReference; lastKnownFileType = sourcecode.swift; path = ReferenceModels.swift; sourceTree = "<group>"; };
		18FA0A6AFF7F0A58CC5CA1AE /* LiveContextDocument.swift */ = {isa = PBXFileReference; lastKnownFileType = sourcecode.swift; path = LiveContextDocument.swift; sourceTree = "<group>"; };
		19228ED38EC3565CABB4F51D /* PrivacyStore.swift */ = {isa = PBXFileReference; lastKnownFileType = sourcecode.swift; path = PrivacyStore.swift; sourceTree = "<group>"; };
		1D11EA82E6DFF97E4B43F74C /* PanelRoute.swift */ = {isa = PBXFileReference; lastKnownFileType = sourcecode.swift; path = PanelRoute.swift; sourceTree = "<group>"; };
		1EF12A4D6674F9FF9F2B8451 /* BriefSource.swift */ = {isa = PBXFileReference; lastKnownFileType = sourcecode.swift; path = BriefSource.swift; sourceTree = "<group>"; };
		2351246BBE0224CBF23E370D /* ChatComposer.swift */ = {isa = PBXFileReference; lastKnownFileType = sourcecode.swift; path = ChatComposer.swift; sourceTree = "<group>"; };
		239BA6C11B9F3029C3E756EA /* BriefIcon.swift */ = {isa = PBXFileReference; lastKnownFileType = sourcecode.swift; path = BriefIcon.swift; sourceTree = "<group>"; };
		240320E3F565DBB9F2D34F16 /* SelectionContext.swift */ = {isa = PBXFileReference; lastKnownFileType = sourcecode.swift; path = SelectionContext.swift; sourceTree = "<group>"; };
		28DC9014D9D1E134C18A1BB6 /* VariationConversational.swift */ = {isa = PBXFileReference; lastKnownFileType = sourcecode.swift; path = VariationConversational.swift; sourceTree = "<group>"; };
		29197F082BB4C11C2A8994C3 /* LiveContextStore+Verify.swift */ = {isa = PBXFileReference; lastKnownFileType = sourcecode.swift; path = "LiveContextStore+Verify.swift"; sourceTree = "<group>"; };
		2AC7718A63BA4FD22459F54C /* ProvenancePopover.swift */ = {isa = PBXFileReference; lastKnownFileType = sourcecode.swift; path = ProvenancePopover.swift; sourceTree = "<group>"; };
		2D64D9B9C6015EF910B49920 /* PrivacyScenario.swift */ = {isa = PBXFileReference; lastKnownFileType = sourcecode.swift; path = PrivacyScenario.swift; sourceTree = "<group>"; };
		37EB4D83CCB973C4E2A648F4 /* CaptureToggleRow.swift */ = {isa = PBXFileReference; lastKnownFileType = sourcecode.swift; path = CaptureToggleRow.swift; sourceTree = "<group>"; };
		410302074F14E65F26427829 /* LiveContextStore.swift */ = {isa = PBXFileReference; lastKnownFileType = sourcecode.swift; path = LiveContextStore.swift; sourceTree = "<group>"; };
		4FC0624F98A3D54E4CE1D39F /* SelectableLine.swift */ = {isa = PBXFileReference; lastKnownFileType = sourcecode.swift; path = SelectableLine.swift; sourceTree = "<group>"; };
		5343EC698754B834158A9A47 /* PrivacyPanel.swift */ = {isa = PBXFileReference; lastKnownFileType = sourcecode.swift; path = PrivacyPanel.swift; sourceTree = "<group>"; };
		581E2D8C918E275E19D2E4AA /* SelectionSurface.swift */ = {isa = PBXFileReference; lastKnownFileType = sourcecode.swift; path = SelectionSurface.swift; sourceTree = "<group>"; };
		5B39A59B04915023BFED9331 /* FilterCard.swift */ = {isa = PBXFileReference; lastKnownFileType = sourcecode.swift; path = FilterCard.swift; sourceTree = "<group>"; };
		63024516F875C046AD3EC37B /* MeetingModels.swift */ = {isa = PBXFileReference; lastKnownFileType = sourcecode.swift; path = MeetingModels.swift; sourceTree = "<group>"; };
		63EB33BCB06F81F173C7270A /* PrivacyWindowController.swift */ = {isa = PBXFileReference; lastKnownFileType = sourcecode.swift; path = PrivacyWindowController.swift; sourceTree = "<group>"; };
		6B41A1CE5ED4324B724FEF9B /* EchoScenario.swift */ = {isa = PBXFileReference; lastKnownFileType = sourcecode.swift; path = EchoScenario.swift; sourceTree = "<group>"; };
		6F12E8302DA3BCA03D893370 /* PrivacyBucketCard.swift */ = {isa = PBXFileReference; lastKnownFileType = sourcecode.swift; path = PrivacyBucketCard.swift; sourceTree = "<group>"; };
		71E2796DFEDD29539262D5DB /* MeaningUnit.swift */ = {isa = PBXFileReference; lastKnownFileType = sourcecode.swift; path = MeaningUnit.swift; sourceTree = "<group>"; };
		756C3405C161A7DC48CD0AD5 /* BriefDuration.swift */ = {isa = PBXFileReference; lastKnownFileType = sourcecode.swift; path = BriefDuration.swift; sourceTree = "<group>"; };
		787417EF2B2635166B780322 /* VariationReadAct.swift */ = {isa = PBXFileReference; lastKnownFileType = sourcecode.swift; path = VariationReadAct.swift; sourceTree = "<group>"; };
		7BD1C79BEB4B0F609C5C2D1D /* BriefSpacing.swift */ = {isa = PBXFileReference; lastKnownFileType = sourcecode.swift; path = BriefSpacing.swift; sourceTree = "<group>"; };
		7C0A7C24339862BBAFB91429 /* PrivacyState.swift */ = {isa = PBXFileReference; lastKnownFileType = sourcecode.swift; path = PrivacyState.swift; sourceTree = "<group>"; };
		7EB77D9253AB578A10D8B4A9 /* BriefChatKit.swift */ = {isa = PBXFileReference; lastKnownFileType = sourcecode.swift; path = BriefChatKit.swift; sourceTree = "<group>"; };
		82A24849D02419FA783CE207 /* Icons */ = {isa = PBXFileReference; lastKnownFileType = folder; name = Icons; path = Brief/Resources/Icons; sourceTree = SOURCE_ROOT; };
		831F4A114AC5777CC6B98CEF /* VisualEffectView.swift */ = {isa = PBXFileReference; lastKnownFileType = sourcecode.swift; path = VisualEffectView.swift; sourceTree = "<group>"; };
		83703D1711E5E8A535AA6D67 /* ChatPanelSession.swift */ = {isa = PBXFileReference; lastKnownFileType = sourcecode.swift; path = ChatPanelSession.swift; sourceTree = "<group>"; };
		83AF7A462938AB5835F27B15 /* BriefShadow.swift */ = {isa = PBXFileReference; lastKnownFileType = sourcecode.swift; path = BriefShadow.swift; sourceTree = "<group>"; };
		8E341461981E57F45A0792F3 /* LinearModels.swift */ = {isa = PBXFileReference; lastKnownFileType = sourcecode.swift; path = LinearModels.swift; sourceTree = "<group>"; };
		917627B3DA13615A8BC25C01 /* PrivacyFilter.swift */ = {isa = PBXFileReference; lastKnownFileType = sourcecode.swift; path = PrivacyFilter.swift; sourceTree = "<group>"; };
		9D13C3032E0D6E58AB6E70FD /* ContextSummaryBar.swift */ = {isa = PBXFileReference; lastKnownFileType = sourcecode.swift; path = ContextSummaryBar.swift; sourceTree = "<group>"; };
		A02EA31EC7A928A44243ACDD /* BriefContent.swift */ = {isa = PBXFileReference; lastKnownFileType = sourcecode.swift; path = BriefContent.swift; sourceTree = "<group>"; };
		A18A1010220C9121DFAD767A /* DesignSystemView.swift */ = {isa = PBXFileReference; lastKnownFileType = sourcecode.swift; path = DesignSystemView.swift; sourceTree = "<group>"; };
		A4E571BF97B024A67776EFB4 /* TypeSpecimenView.swift */ = {isa = PBXFileReference; lastKnownFileType = sourcecode.swift; path = TypeSpecimenView.swift; sourceTree = "<group>"; };
		ACBF80FC85DD2581E35A5F73 /* Assets.xcassets */ = {isa = PBXFileReference; lastKnownFileType = folder.assetcatalog; path = Assets.xcassets; sourceTree = "<group>"; };
		AD99B54395E7ECC596D7F78B /* LiveContextEvent.swift */ = {isa = PBXFileReference; lastKnownFileType = sourcecode.swift; path = LiveContextEvent.swift; sourceTree = "<group>"; };
		B21D0883C545227E79D59A10 /* PrivacyChatEntry.swift */ = {isa = PBXFileReference; lastKnownFileType = sourcecode.swift; path = PrivacyChatEntry.swift; sourceTree = "<group>"; };
		B8ACB051B3CA398DCA68CBC3 /* BriefLayout.swift */ = {isa = PBXFileReference; lastKnownFileType = sourcecode.swift; path = BriefLayout.swift; sourceTree = "<group>"; };
		B94690AA4C412EEBDD0DEC68 /* Fonts */ = {isa = PBXFileReference; lastKnownFileType = folder; name = Fonts; path = Brief/Resources/Fonts; sourceTree = SOURCE_ROOT; };
		C0B9B48C51DEB159690DD23B /* PrivacySettingsView.swift */ = {isa = PBXFileReference; lastKnownFileType = sourcecode.swift; path = PrivacySettingsView.swift; sourceTree = "<group>"; };
		C7CEEC45D8216AFCD9F08011 /* CaptureModels.swift */ = {isa = PBXFileReference; lastKnownFileType = sourcecode.swift; path = CaptureModels.swift; sourceTree = "<group>"; };
		CD2A54ECE203BF2422314CFB /* BriefColor.swift */ = {isa = PBXFileReference; lastKnownFileType = sourcecode.swift; path = BriefColor.swift; sourceTree = "<group>"; };
		D711534F2CB90256C209C64A /* ProvenanceTag.swift */ = {isa = PBXFileReference; lastKnownFileType = sourcecode.swift; path = ProvenanceTag.swift; sourceTree = "<group>"; };
		E2B51F39E361DA9CDA55A31D /* PrivacyChip.swift */ = {isa = PBXFileReference; lastKnownFileType = sourcecode.swift; path = PrivacyChip.swift; sourceTree = "<group>"; };
		E75AD9B6D646CB203BBA7FE2 /* PrivacyIntent.swift */ = {isa = PBXFileReference; lastKnownFileType = sourcecode.swift; path = PrivacyIntent.swift; sourceTree = "<group>"; };
		E8309779B893DAAC87568BA9 /* TypeEditorView.swift */ = {isa = PBXFileReference; lastKnownFileType = sourcecode.swift; path = TypeEditorView.swift; sourceTree = "<group>"; };
		EB109916AFE0C1B0343A324E /* BriefOpacity.swift */ = {isa = PBXFileReference; lastKnownFileType = sourcecode.swift; path = BriefOpacity.swift; sourceTree = "<group>"; };
		ECD688546ABB99DA1304DBE0 /* PanelScenario.swift */ = {isa = PBXFileReference; lastKnownFileType = sourcecode.swift; path = PanelScenario.swift; sourceTree = "<group>"; };
		F1262DD57D8AF95516EA6819 /* BriefFont.swift */ = {isa = PBXFileReference; lastKnownFileType = sourcecode.swift; path = BriefFont.swift; sourceTree = "<group>"; };
		F45DD47D3327320C5CC93B85 /* BriefApp.swift */ = {isa = PBXFileReference; lastKnownFileType = sourcecode.swift; path = BriefApp.swift; sourceTree = "<group>"; };
		F4E72C1D2E829038F21F4009 /* DocStyle.swift */ = {isa = PBXFileReference; lastKnownFileType = sourcecode.swift; path = DocStyle.swift; sourceTree = "<group>"; };
		F56C30DD54933EA7F0FDA6AD /* PrivacyIntentParser.swift */ = {isa = PBXFileReference; lastKnownFileType = sourcecode.swift; path = PrivacyIntentParser.swift; sourceTree = "<group>"; };
		F66012BDC3DA03A3C02A82D2 /* BriefMarkdown.swift */ = {isa = PBXFileReference; lastKnownFileType = sourcecode.swift; path = BriefMarkdown.swift; sourceTree = "<group>"; };
		F735E037D8BE724C5FF5FC8B /* SecureCaptureDetail.swift */ = {isa = PBXFileReference; lastKnownFileType = sourcecode.swift; path = SecureCaptureDetail.swift; sourceTree = "<group>"; };
		F8E79284697F81273A384FE9 /* DSComponents.swift */ = {isa = PBXFileReference; lastKnownFileType = sourcecode.swift; path = DSComponents.swift; sourceTree = "<group>"; };
		FB25DC1EDF61B4EDF1995FC4 /* Brief.app */ = {isa = PBXFileReference; explicitFileType = wrapper.application; includeInIndex = 0; path = Brief.app; sourceTree = BUILT_PRODUCTS_DIR; };
/* End PBXFileReference section */

/* Begin PBXGroup section */
		33DC5F19E12BBB1AB45C0BF1 /* Resources */ = {
			isa = PBXGroup;
			children = (
				B94690AA4C412EEBDD0DEC68 /* Fonts */,
				82A24849D02419FA783CE207 /* Icons */,
				148B8D29124CE99F14142CFD /* Mocks */,
			);
			path = Resources;
			sourceTree = "<group>";
		};
		4C2F30CD198000D9EC8C50D1 /* DesignSystem */ = {
			isa = PBXGroup;
			children = (
				7EB77D9253AB578A10D8B4A9 /* BriefChatKit.swift */,
				CD2A54ECE203BF2422314CFB /* BriefColor.swift */,
				756C3405C161A7DC48CD0AD5 /* BriefDuration.swift */,
				F1262DD57D8AF95516EA6819 /* BriefFont.swift */,
				239BA6C11B9F3029C3E756EA /* BriefIcon.swift */,
				B8ACB051B3CA398DCA68CBC3 /* BriefLayout.swift */,
				F66012BDC3DA03A3C02A82D2 /* BriefMarkdown.swift */,
				1215FDB06CD6B2432EFAA419 /* BriefMotion.swift */,
				EB109916AFE0C1B0343A324E /* BriefOpacity.swift */,
				0AD12733B745F12B56B905F5 /* BriefProseLayout.swift */,
				0859E70B2354AD7CEC5CA404 /* BriefRadius.swift */,
				83AF7A462938AB5835F27B15 /* BriefShadow.swift */,
				1EF12A4D6674F9FF9F2B8451 /* BriefSource.swift */,
				7BD1C79BEB4B0F609C5C2D1D /* BriefSpacing.swift */,
				2351246BBE0224CBF23E370D /* ChatComposer.swift */,
				9D13C3032E0D6E58AB6E70FD /* ContextSummaryBar.swift */,
				F4E72C1D2E829038F21F4009 /* DocStyle.swift */,
				106854B888494669D7792517 /* InteractionState.swift */,
				E2B51F39E361DA9CDA55A31D /* PrivacyChip.swift */,
				2AC7718A63BA4FD22459F54C /* ProvenancePopover.swift */,
				D711534F2CB90256C209C64A /* ProvenanceTag.swift */,
				4FC0624F98A3D54E4CE1D39F /* SelectableLine.swift */,
				240320E3F565DBB9F2D34F16 /* SelectionContext.swift */,
				581E2D8C918E275E19D2E4AA /* SelectionSurface.swift */,
				831F4A114AC5777CC6B98CEF /* VisualEffectView.swift */,
			);
			path = DesignSystem;
			sourceTree = "<group>";
		};
		6D121E9BF25EC1F5647A8F6A /* Mocks */ = {
			isa = PBXGroup;
			children = (
				A02EA31EC7A928A44243ACDD /* BriefContent.swift */,
				C7CEEC45D8216AFCD9F08011 /* CaptureModels.swift */,
				8E341461981E57F45A0792F3 /* LinearModels.swift */,
				AD99B54395E7ECC596D7F78B /* LiveContextEvent.swift */,
				410302074F14E65F26427829 /* LiveContextStore.swift */,
				29197F082BB4C11C2A8994C3 /* LiveContextStore+Verify.swift */,
				71E2796DFEDD29539262D5DB /* MeaningUnit.swift */,
				63024516F875C046AD3EC37B /* MeetingModels.swift */,
				0DBB424D3D7FA38B10BAA317 /* MessageModels.swift */,
				17950B2DE2CB3060D9D59C7B /* ReferenceModels.swift */,
			);
			path = Mocks;
			sourceTree = "<group>";
		};
		74FB3B99A757F9351687E760 = {
			isa = PBXGroup;
			children = (
				78053B9C7D6B016AAE9F8B29 /* Brief */,
				FD51A504B145170C7A4C2450 /* Products */,
			);
			sourceTree = "<group>";
		};
		78053B9C7D6B016AAE9F8B29 /* Brief */ = {
			isa = PBXGroup;
			children = (
				ACBF80FC85DD2581E35A5F73 /* Assets.xcassets */,
				F45DD47D3327320C5CC93B85 /* BriefApp.swift */,
				F33BA32D642331B77C7F2B1D /* Chat */,
				4C2F30CD198000D9EC8C50D1 /* DesignSystem */,
				6D121E9BF25EC1F5647A8F6A /* Mocks */,
				33DC5F19E12BBB1AB45C0BF1 /* Resources */,
				84E5FCF0D2F8C53B0822D902 /* State */,
				B52AED8AB0A9B78AADA0F9FB /* Views */,
			);
			path = Brief;
			sourceTree = "<group>";
		};
		84E5FCF0D2F8C53B0822D902 /* State */ = {
			isa = PBXGroup;
			children = (
				B21D0883C545227E79D59A10 /* PrivacyChatEntry.swift */,
				E75AD9B6D646CB203BBA7FE2 /* PrivacyIntent.swift */,
				F56C30DD54933EA7F0FDA6AD /* PrivacyIntentParser.swift */,
				19228ED38EC3565CABB4F51D /* PrivacyStore.swift */,
			);
			path = State;
			sourceTree = "<group>";
		};
		B52AED8AB0A9B78AADA0F9FB /* Views */ = {
			isa = PBXGroup;
			children = (
				37EB4D83CCB973C4E2A648F4 /* CaptureToggleRow.swift */,
				A18A1010220C9121DFAD767A /* DesignSystemView.swift */,
				F8E79284697F81273A384FE9 /* DSComponents.swift */,
				5B39A59B04915023BFED9331 /* FilterCard.swift */,
				18FA0A6AFF7F0A58CC5CA1AE /* LiveContextDocument.swift */,
				0FDE3BC4C72D3705A3DD3795 /* LiveContextView.swift */,
				6F12E8302DA3BCA03D893370 /* PrivacyBucketCard.swift */,
				917627B3DA13615A8BC25C01 /* PrivacyFilter.swift */,
				5343EC698754B834158A9A47 /* PrivacyPanel.swift */,
				C0B9B48C51DEB159690DD23B /* PrivacySettingsView.swift */,
				7C0A7C24339862BBAFB91429 /* PrivacyState.swift */,
				63EB33BCB06F81F173C7270A /* PrivacyWindowController.swift */,
				F735E037D8BE724C5FF5FC8B /* SecureCaptureDetail.swift */,
				E8309779B893DAAC87568BA9 /* TypeEditorView.swift */,
				A4E571BF97B024A67776EFB4 /* TypeSpecimenView.swift */,
				28DC9014D9D1E134C18A1BB6 /* VariationConversational.swift */,
				787417EF2B2635166B780322 /* VariationReadAct.swift */,
			);
			path = Views;
			sourceTree = "<group>";
		};
		F33BA32D642331B77C7F2B1D /* Chat */ = {
			isa = PBXGroup;
			children = (
				083910E53C940F2E947DC399 /* ChatPanel.swift */,
				83703D1711E5E8A535AA6D67 /* ChatPanelSession.swift */,
				6B41A1CE5ED4324B724FEF9B /* EchoScenario.swift */,
				15E47151C57AC0AAC1A67915 /* PanelComposer.swift */,
				1D11EA82E6DFF97E4B43F74C /* PanelRoute.swift */,
				ECD688546ABB99DA1304DBE0 /* PanelScenario.swift */,
				2D64D9B9C6015EF910B49920 /* PrivacyScenario.swift */,
			);
			path = Chat;
			sourceTree = "<group>";
		};
		FD51A504B145170C7A4C2450 /* Products */ = {
			isa = PBXGroup;
			children = (
				FB25DC1EDF61B4EDF1995FC4 /* Brief.app */,
			);
			name = Products;
			sourceTree = "<group>";
		};
/* End PBXGroup section */

/* Begin PBXNativeTarget section */
		8C7ABB0468ECC824A6230F28 /* Brief */ = {
			isa = PBXNativeTarget;
			buildConfigurationList = F66AD22EF7B9C71CDF533CC5 /* Build configuration list for PBXNativeTarget "Brief" */;
			buildPhases = (
				62EDA1659AEB616941D3FDAD /* Sources */,
				E00A5206434637375DA942D3 /* Resources */,
			);
			buildRules = (
			);
			dependencies = (
			);
			name = Brief;
			packageProductDependencies = (
			);
			productName = Brief;
			productReference = FB25DC1EDF61B4EDF1995FC4 /* Brief.app */;
			productType = "com.apple.product-type.application";
		};
/* End PBXNativeTarget section */

/* Begin PBXProject section */
		0E360AA7CF9DE43846D61CA8 /* Project object */ = {
			isa = PBXProject;
			attributes = {
				BuildIndependentTargetsInParallel = YES;
				LastUpgradeCheck = 1430;
				TargetAttributes = {
					8C7ABB0468ECC824A6230F28 = {
						ProvisioningStyle = Automatic;
					};
				};
			};
			buildConfigurationList = 7630EE1DC7282C02FEC8D7A5 /* Build configuration list for PBXProject "Brief" */;
			developmentRegion = en;
			hasScannedForEncodings = 0;
			knownRegions = (
				Base,
				en,
			);
			mainGroup = 74FB3B99A757F9351687E760;
			minimizedProjectReferenceProxies = 1;
			preferredProjectObjectVersion = 77;
			productRefGroup = FD51A504B145170C7A4C2450 /* Products */;
			projectDirPath = "";
			projectRoot = "";
			targets = (
				8C7ABB0468ECC824A6230F28 /* Brief */,
			);
		};
/* End PBXProject section */

/* Begin PBXResourcesBuildPhase section */
		E00A5206434637375DA942D3 /* Resources */ = {
			isa = PBXResourcesBuildPhase;
			buildActionMask = 2147483647;
			files = (
				083FE712247AABA0F79D41EF /* Assets.xcassets in Resources */,
				7F469B37931CD2146F53CC56 /* Fonts in Resources */,
				8397289E122FF6486BC3837A /* Icons in Resources */,
				44FA6F684489E41C4CEF05A1 /* Mocks in Resources */,
			);
			runOnlyForDeploymentPostprocessing = 0;
		};
/* End PBXResourcesBuildPhase section */

/* Begin PBXSourcesBuildPhase section */
		62EDA1659AEB616941D3FDAD /* Sources */ = {
			isa = PBXSourcesBuildPhase;
			buildActionMask = 2147483647;
			files = (
				2C031C886B22F7271BF7E6B7 /* BriefApp.swift in Sources */,
				CD51E7E820CF36646FA9524B /* BriefChatKit.swift in Sources */,
				AD9D96E684B5C00EA4F275A9 /* BriefColor.swift in Sources */,
				4D9F3437D95B76D0CC8DA658 /* BriefContent.swift in Sources */,
				059ABEA19F4F02489E108991 /* BriefDuration.swift in Sources */,
				E9D6B02E39C00E7C6C94E5A8 /* BriefFont.swift in Sources */,
				0FF001A575F9BC515E6F9BAB /* BriefIcon.swift in Sources */,
				D1966E757BCF7C97518B45B4 /* BriefLayout.swift in Sources */,
				E8ED5107ECEEEF026B16D51A /* BriefMarkdown.swift in Sources */,
				5849B2B978FB820A244EB10E /* BriefMotion.swift in Sources */,
				A880F0E63639DA2FB2FFD921 /* BriefOpacity.swift in Sources */,
				B458C2B8D54882B72A0E5B84 /* BriefProseLayout.swift in Sources */,
				EFC7567A43435D818C9C546E /* BriefRadius.swift in Sources */,
				939D2DCE502EC4065D298644 /* BriefShadow.swift in Sources */,
				4EE103ECDB10A642D58C7ED2 /* BriefSource.swift in Sources */,
				EB36B2AFD2021B314877BF02 /* BriefSpacing.swift in Sources */,
				D18359F6E006B9F6CD2808B6 /* CaptureModels.swift in Sources */,
				D7E18EAD6E72E2655964C88D /* CaptureToggleRow.swift in Sources */,
				0F7FCE7D1B5405FA34E2F12C /* ChatComposer.swift in Sources */,
				D7C9F3559EB410CA8E054C5B /* ChatPanel.swift in Sources */,
				737540FDB4178DA1B2367C4D /* ChatPanelSession.swift in Sources */,
				94179AE080ED10D56A20A42A /* ContextSummaryBar.swift in Sources */,
				CD23DB14163891E4173CCA84 /* DSComponents.swift in Sources */,
				8F571438B320B58CE063513E /* DesignSystemView.swift in Sources */,
				FB890F851979BF1983093DC3 /* DocStyle.swift in Sources */,
				DBF2B1E98C97F357FF0505AC /* EchoScenario.swift in Sources */,
				504C3770BFDAA16F9BDC2314 /* FilterCard.swift in Sources */,
				D191F961A186CA9486499C52 /* InteractionState.swift in Sources */,
				4FF142FCFA8E955D79DD278B /* LinearModels.swift in Sources */,
				7353A610C182E2779B0567CD /* LiveContextDocument.swift in Sources */,
				01076087A26D969564D78F05 /* LiveContextEvent.swift in Sources */,
				E47A7DDAC3301CDE6B24526D /* LiveContextStore+Verify.swift in Sources */,
				7613C7CEA171F31BEB3FA1D5 /* LiveContextStore.swift in Sources */,
				11E5BC06FA5F04A71F681C7F /* LiveContextView.swift in Sources */,
				61FCEB66B972654FDBD3FA5B /* MeaningUnit.swift in Sources */,
				920091F157EE93D97E36564F /* MeetingModels.swift in Sources */,
				A8ED8D114218670619B9700D /* MessageModels.swift in Sources */,
				68A2AFA4A234C8167260CC07 /* PanelComposer.swift in Sources */,
				DC3263079FA5BFC87EB3AE44 /* PanelRoute.swift in Sources */,
				6BDCD50FA980EE81440BB2CF /* PanelScenario.swift in Sources */,
				CEF0E1BB6F49A2EB9CBFABD1 /* PrivacyBucketCard.swift in Sources */,
				ED9F1C1DDBE72DF767695ED1 /* PrivacyChatEntry.swift in Sources */,
				EB8700F26D36A17B7ABD0E73 /* PrivacyChip.swift in Sources */,
				DFCCF4DC8F85CEB87DEE8635 /* PrivacyFilter.swift in Sources */,
				FAEAD7C9FC3C3DFA6100778C /* PrivacyIntent.swift in Sources */,
				18743102AD75159AE1D9356A /* PrivacyIntentParser.swift in Sources */,
				EF8131ED064F154C2489319A /* PrivacyPanel.swift in Sources */,
				F19ECB5C3FDF8861CD6C3278 /* PrivacyScenario.swift in Sources */,
				3FAB808587E089A642BE5311 /* PrivacySettingsView.swift in Sources */,
				E61DE40E7A435F50486D12A7 /* PrivacyState.swift in Sources */,
				57B7FEFD4293584F634553CE /* PrivacyStore.swift in Sources */,
				414825E85C19D5D86F6EA0F6 /* PrivacyWindowController.swift in Sources */,
				265FDB92F53A475CB416EE84 /* ProvenancePopover.swift in Sources */,
				EC6246F485CD66A186801F37 /* ProvenanceTag.swift in Sources */,
				9D2DD1A2A8D938DF3C9B08F8 /* ReferenceModels.swift in Sources */,
				3B15693A811FB8FBC4C6C3C7 /* SecureCaptureDetail.swift in Sources */,
				02005424501D64187EA2E5F8 /* SelectableLine.swift in Sources */,
				067A25AB69E06CD8F50213A5 /* SelectionContext.swift in Sources */,
				5615A9BB38FDF5EBB5252EA5 /* SelectionSurface.swift in Sources */,
				8DA6C605160A76BFE4520691 /* TypeEditorView.swift in Sources */,
				53475C8A6AACC6925B3759B7 /* TypeSpecimenView.swift in Sources */,
				0299B73B2B58A864DFE4ADF7 /* VariationConversational.swift in Sources */,
				3E7B05B7EA30DBBB585AA3D6 /* VariationReadAct.swift in Sources */,
				FDD9F80B537B78631A207B0E /* VisualEffectView.swift in Sources */,
			);
			runOnlyForDeploymentPostprocessing = 0;
		};
/* End PBXSourcesBuildPhase section */

/* Begin XCBuildConfiguration section */
		3ECAC0BF1A1121502A578823 /* Debug */ = {
			isa = XCBuildConfiguration;
			buildSettings = {
				ASSETCATALOG_COMPILER_APPICON_NAME = AppIcon;
				COMBINE_HIDPI_IMAGES = YES;
				CURRENT_PROJECT_VERSION = 1;
				INFOPLIST_FILE = Brief/Info.plist;
				LD_RUNPATH_SEARCH_PATHS = (
					"$(inherited)",
					"@executable_path/../Frameworks",
				);
				MARKETING_VERSION = 0.1;
				PRODUCT_NAME = BriefPrivacy;
				SDKROOT = macosx;
			};
			name = Debug;
		};
		7CF734B202624B7D46E577FF /* Release */ = {
			isa = XCBuildConfiguration;
			buildSettings = {
				ALWAYS_SEARCH_USER_PATHS = NO;
				ASSETCATALOG_COMPILER_GENERATE_ASSET_SYMBOLS = NO;
				ASSETCATALOG_COMPILER_GLOBAL_ACCENT_COLOR_NAME = AccentColor;
				CLANG_ANALYZER_NONNULL = YES;
				CLANG_ANALYZER_NUMBER_OBJECT_CONVERSION = YES_AGGRESSIVE;
				CLANG_CXX_LANGUAGE_STANDARD = "gnu++14";
				CLANG_CXX_LIBRARY = "libc++";
				CLANG_ENABLE_MODULES = YES;
				CLANG_ENABLE_OBJC_ARC = YES;
				CLANG_ENABLE_OBJC_WEAK = YES;
				CLANG_WARN_BLOCK_CAPTURE_AUTORELEASING = YES;
				CLANG_WARN_BOOL_CONVERSION = YES;
				CLANG_WARN_COMMA = YES;
				CLANG_WARN_CONSTANT_CONVERSION = YES;
				CLANG_WARN_DEPRECATED_OBJC_IMPLEMENTATIONS = YES;
				CLANG_WARN_DIRECT_OBJC_ISA_USAGE = YES_ERROR;
				CLANG_WARN_DOCUMENTATION_COMMENTS = YES;
				CLANG_WARN_EMPTY_BODY = YES;
				CLANG_WARN_ENUM_CONVERSION = YES;
				CLANG_WARN_INFINITE_RECURSION = YES;
				CLANG_WARN_INT_CONVERSION = YES;
				CLANG_WARN_NON_LITERAL_NULL_CONVERSION = YES;
				CLANG_WARN_OBJC_IMPLICIT_RETAIN_SELF = YES;
				CLANG_WARN_OBJC_LITERAL_CONVERSION = YES;
				CLANG_WARN_OBJC_ROOT_CLASS = YES_ERROR;
				CLANG_WARN_QUOTED_INCLUDE_IN_FRAMEWORK_HEADER = YES;
				CLANG_WARN_RANGE_LOOP_ANALYSIS = YES;
				CLANG_WARN_STRICT_PROTOTYPES = YES;
				CLANG_WARN_SUSPICIOUS_MOVE = YES;
				CLANG_WARN_UNGUARDED_AVAILABILITY = YES_AGGRESSIVE;
				CLANG_WARN_UNREACHABLE_CODE = YES;
				CLANG_WARN__DUPLICATE_METHOD_MATCH = YES;
				CODE_SIGN_IDENTITY = "-";
				CODE_SIGN_STYLE = Automatic;
				COPY_PHASE_STRIP = NO;
				DEAD_CODE_STRIPPING = YES;
				DEBUG_INFORMATION_FORMAT = "dwarf-with-dsym";
				ENABLE_HARDENED_RUNTIME = YES;
				ENABLE_NS_ASSERTIONS = NO;
				ENABLE_STRICT_OBJC_MSGSEND = YES;
				GCC_C_LANGUAGE_STANDARD = gnu11;
				GCC_NO_COMMON_BLOCKS = YES;
				GCC_WARN_64_TO_32_BIT_CONVERSION = YES;
				GCC_WARN_ABOUT_RETURN_TYPE = YES_ERROR;
				GCC_WARN_UNDECLARED_SELECTOR = YES;
				GCC_WARN_UNINITIALIZED_AUTOS = YES_AGGRESSIVE;
				GCC_WARN_UNUSED_FUNCTION = YES;
				GCC_WARN_UNUSED_VARIABLE = YES;
				GENERATE_INFOPLIST_FILE = NO;
				INFOPLIST_FILE = Brief/Info.plist;
				MACOSX_DEPLOYMENT_TARGET = 14.0;
				MTL_ENABLE_DEBUG_INFO = NO;
				MTL_FAST_MATH = YES;
				PRODUCT_BUNDLE_IDENTIFIER = ing.highlight.brief.privacy;
				PRODUCT_NAME = "$(TARGET_NAME)";
				SDKROOT = macosx;
				SWIFT_COMPILATION_MODE = wholemodule;
				SWIFT_OPTIMIZATION_LEVEL = "-O";
				SWIFT_VERSION = 5.9;
			};
			name = Release;
		};
		90EF446F21400D8C7618C814 /* Debug */ = {
			isa = XCBuildConfiguration;
			buildSettings = {
				ALWAYS_SEARCH_USER_PATHS = NO;
				ASSETCATALOG_COMPILER_GENERATE_ASSET_SYMBOLS = NO;
				ASSETCATALOG_COMPILER_GLOBAL_ACCENT_COLOR_NAME = AccentColor;
				CLANG_ANALYZER_NONNULL = YES;
				CLANG_ANALYZER_NUMBER_OBJECT_CONVERSION = YES_AGGRESSIVE;
				CLANG_CXX_LANGUAGE_STANDARD = "gnu++14";
				CLANG_CXX_LIBRARY = "libc++";
				CLANG_ENABLE_MODULES = YES;
				CLANG_ENABLE_OBJC_ARC = YES;
				CLANG_ENABLE_OBJC_WEAK = YES;
				CLANG_WARN_BLOCK_CAPTURE_AUTORELEASING = YES;
				CLANG_WARN_BOOL_CONVERSION = YES;
				CLANG_WARN_COMMA = YES;
				CLANG_WARN_CONSTANT_CONVERSION = YES;
				CLANG_WARN_DEPRECATED_OBJC_IMPLEMENTATIONS = YES;
				CLANG_WARN_DIRECT_OBJC_ISA_USAGE = YES_ERROR;
				CLANG_WARN_DOCUMENTATION_COMMENTS = YES;
				CLANG_WARN_EMPTY_BODY = YES;
				CLANG_WARN_ENUM_CONVERSION = YES;
				CLANG_WARN_INFINITE_RECURSION = YES;
				CLANG_WARN_INT_CONVERSION = YES;
				CLANG_WARN_NON_LITERAL_NULL_CONVERSION = YES;
				CLANG_WARN_OBJC_IMPLICIT_RETAIN_SELF = YES;
				CLANG_WARN_OBJC_LITERAL_CONVERSION = YES;
				CLANG_WARN_OBJC_ROOT_CLASS = YES_ERROR;
				CLANG_WARN_QUOTED_INCLUDE_IN_FRAMEWORK_HEADER = YES;
				CLANG_WARN_RANGE_LOOP_ANALYSIS = YES;
				CLANG_WARN_STRICT_PROTOTYPES = YES;
				CLANG_WARN_SUSPICIOUS_MOVE = YES;
				CLANG_WARN_UNGUARDED_AVAILABILITY = YES_AGGRESSIVE;
				CLANG_WARN_UNREACHABLE_CODE = YES;
				CLANG_WARN__DUPLICATE_METHOD_MATCH = YES;
				CODE_SIGN_IDENTITY = "-";
				CODE_SIGN_STYLE = Automatic;
				COPY_PHASE_STRIP = NO;
				DEAD_CODE_STRIPPING = YES;
				DEBUG_INFORMATION_FORMAT = dwarf;
				ENABLE_HARDENED_RUNTIME = YES;
				ENABLE_STRICT_OBJC_MSGSEND = YES;
				ENABLE_TESTABILITY = YES;
				GCC_C_LANGUAGE_STANDARD = gnu11;
				GCC_DYNAMIC_NO_PIC = NO;
				GCC_NO_COMMON_BLOCKS = YES;
				GCC_OPTIMIZATION_LEVEL = 0;
				GCC_PREPROCESSOR_DEFINITIONS = (
					"$(inherited)",
					"DEBUG=1",
				);
				GCC_WARN_64_TO_32_BIT_CONVERSION = YES;
				GCC_WARN_ABOUT_RETURN_TYPE = YES_ERROR;
				GCC_WARN_UNDECLARED_SELECTOR = YES;
				GCC_WARN_UNINITIALIZED_AUTOS = YES_AGGRESSIVE;
				GCC_WARN_UNUSED_FUNCTION = YES;
				GCC_WARN_UNUSED_VARIABLE = YES;
				GENERATE_INFOPLIST_FILE = NO;
				INFOPLIST_FILE = Brief/Info.plist;
				MACOSX_DEPLOYMENT_TARGET = 14.0;
				MTL_ENABLE_DEBUG_INFO = INCLUDE_SOURCE;
				MTL_FAST_MATH = YES;
				ONLY_ACTIVE_ARCH = YES;
				PRODUCT_BUNDLE_IDENTIFIER = ing.highlight.brief.privacy;
				PRODUCT_NAME = "$(TARGET_NAME)";
				SDKROOT = macosx;
				SWIFT_ACTIVE_COMPILATION_CONDITIONS = DEBUG;
				SWIFT_OPTIMIZATION_LEVEL = "-Onone";
				SWIFT_VERSION = 5.9;
			};
			name = Debug;
		};
		DEE35BC00D1A873D34E377F8 /* Release */ = {
			isa = XCBuildConfiguration;
			buildSettings = {
				ASSETCATALOG_COMPILER_APPICON_NAME = AppIcon;
				COMBINE_HIDPI_IMAGES = YES;
				CURRENT_PROJECT_VERSION = 1;
				INFOPLIST_FILE = Brief/Info.plist;
				LD_RUNPATH_SEARCH_PATHS = (
					"$(inherited)",
					"@executable_path/../Frameworks",
				);
				MARKETING_VERSION = 0.1;
				PRODUCT_NAME = BriefPrivacy;
				SDKROOT = macosx;
			};
			name = Release;
		};
/* End XCBuildConfiguration section */

/* Begin XCConfigurationList section */
		7630EE1DC7282C02FEC8D7A5 /* Build configuration list for PBXProject "Brief" */ = {
			isa = XCConfigurationList;
			buildConfigurations = (
				90EF446F21400D8C7618C814 /* Debug */,
				7CF734B202624B7D46E577FF /* Release */,
			);
			defaultConfigurationIsVisible = 0;
			defaultConfigurationName = Debug;
		};
		F66AD22EF7B9C71CDF533CC5 /* Build configuration list for PBXNativeTarget "Brief" */ = {
			isa = XCConfigurationList;
			buildConfigurations = (
				3ECAC0BF1A1121502A578823 /* Debug */,
				DEE35BC00D1A873D34E377F8 /* Release */,
			);
			defaultConfigurationIsVisible = 0;
			defaultConfigurationName = Debug;
		};
/* End XCConfigurationList section */
	};
	rootObject = 0E360AA7CF9DE43846D61CA8 /* Project object */;
}
